
Microsoft Visual Studio Solution File, Format Version 12.00
# Visual Studio Version 17
VisualStudioVersion = 17.14.36401.2 d17.14
MinimumVisualStudioVersion = 10.0.40219.1
Project("{FAE04EC0-301F-11D3-BF4B-00C04F79EFBC}") = "ConsoleApp1", "ConsoleApp1\ConsoleApp1.csproj", "{F20F0F7B-5213-4F7C-A503-F2AA28F8E89F}"
EndProject
Global
	GlobalSection(SolutionConfigurationPlatforms) = preSolution
		Debug|Any CPU = Debug|Any CPU
		Release|Any CPU = Release|Any CPU
	EndGlobalSection
	GlobalSection(ProjectConfigurationPlatforms) = postSolution
		{F20F0F7B-5213-4F7C-A503-F2AA28F8E89F}.Debug|Any CPU.ActiveCfg = Debug|Any CPU
		{F20F0F7B-5213-4F7C-A503-F2AA28F8E89F}.Debug|Any CPU.Build.0 = Debug|Any CPU
		{F20F0F7B-5213-4F7C-A503-F2AA28F8E89F}.Release|Any CPU.ActiveCfg = Release|Any CPU
		{F20F0F7B-5213-4F7C-A503-F2AA28F8E89F}.Release|Any CPU.Build.0 = Release|Any CPU
	EndGlobalSection
	GlobalSection(SolutionProperties) = preSolution
		HideSolutionNode = FALSE
	EndGlobalSection
	GlobalSection(ExtensibilityGlobals) = postSolution
		SolutionGuid = {4F39F689-60BA-421C-8B82-E4F18F3DE6E6}
	EndGlobalSection
EndGlobal
